
Microsoft Visual Studio Solution File, Format Version 12.00
# Visual Studio Version 17
VisualStudioVersion = 17.0.31903.59
MinimumVisualStudioVersion = 10.0.40219.1
Project("{9A19103F-16F7-4668-BE54-9A1E7A4F7556}") = "Client", "Client\Client.csproj", "{FB22ABA6-0407-4EFB-B8C4-A46A4FC36517}"
EndProject
Project("{9A19103F-16F7-4668-BE54-9A1E7A4F7556}") = "Server", "Server\Server.csproj", "{72CAEDAC-5D15-4F28-B21D-5AF6518CE7DE}"
EndProject
Project("{9A19103F-16F7-4668-BE54-9A1E7A4F7556}") = "GameServer", "GameServer\GameServer.csproj", "{7258A465-A872-434B-AE44-84BD0E46461D}"
EndProject
Global
	GlobalSection(SolutionConfigurationPlatforms) = preSolution
		Debug|Any CPU = Debug|Any CPU
		Release|Any CPU = Release|Any CPU
	EndGlobalSection
	GlobalSection(ProjectConfigurationPlatforms) = postSolution
		{FB22ABA6-0407-4EFB-B8C4-A46A4FC36517}.Debug|Any CPU.ActiveCfg = Debug|Any CPU
		{FB22ABA6-0407-4EFB-B8C4-A46A4FC36517}.Debug|Any CPU.Build.0 = Debug|Any CPU
		{FB22ABA6-0407-4EFB-B8C4-A46A4FC36517}.Release|Any CPU.ActiveCfg = Release|Any CPU
		{FB22ABA6-0407-4EFB-B8C4-A46A4FC36517}.Release|Any CPU.Build.0 = Release|Any CPU
		{72CAEDAC-5D15-4F28-B21D-5AF6518CE7DE}.Debug|Any CPU.ActiveCfg = Debug|Any CPU
		{72CAEDAC-5D15-4F28-B21D-5AF6518CE7DE}.Debug|Any CPU.Build.0 = Debug|Any CPU
		{72CAEDAC-5D15-4F28-B21D-5AF6518CE7DE}.Release|Any CPU.ActiveCfg = Release|Any CPU
		{72CAEDAC-5D15-4F28-B21D-5AF6518CE7DE}.Release|Any CPU.Build.0 = Release|Any CPU
		{7258A465-A872-434B-AE44-84BD0E46461D}.Debug|Any CPU.ActiveCfg = Debug|Any CPU
		{7258A465-A872-434B-AE44-84BD0E46461D}.Debug|Any CPU.Build.0 = Debug|Any CPU
		{7258A465-A872-434B-AE44-84BD0E46461D}.Release|Any CPU.ActiveCfg = Release|Any CPU
		{7258A465-A872-434B-AE44-84BD0E46461D}.Release|Any CPU.Build.0 = Release|Any CPU
	EndGlobalSection
	GlobalSection(SolutionProperties) = preSolution
		HideSolutionNode = FALSE
	EndGlobalSection
	GlobalSection(ExtensibilityGlobals) = postSolution
		SolutionGuid = {B43A5F1F-A79B-4373-9434-FE6AEEFA9D3D}
	EndGlobalSection
EndGlobal
